// !$*UTF8*$!
{
	archiveVersion = 1;
	classes = {
	};
	objectVersion = 77;
	objects = {

/* Begin PBXContainerItemProxy section */
		48B531442F1202E000706410 /* PBXContainerItemProxy */ = {
			isa = PBXContainerItemProxy;
			containerPortal = 48B531292F1202DF00706410 /* Project object */;
			proxyType = 1;
			remoteGlobalIDString = 48B531302F1202DF00706410;
			remoteInfo = "MQTT Plus";
		};
		48B5314E2F1202E000706410 /* PBXContainerItemProxy */ = {
			isa = PBXContainerItemProxy;
			containerPortal = 48B531292F1202DF00706410 /* Project object */;
			proxyType = 1;
			remoteGlobalIDString = 48B531302F1202DF00706410;
			remoteInfo = "MQTT Plus";
		};
/* End PBXContainerItemProxy section */

/* Begin PBXFileReference section */
		48B531312F1202DF00706410 /* MQTT Plus.app */ = {isa = PBXFileReference; explicitFileType = wrapper.application; includeInIndex = 0; path = "MQTT Plus.app"; sourceTree = BUILT_PRODUCTS_DIR; };
		48B531432F1202E000706410 /* MQTT PlusTests.xctest */ = {isa = PBXFileReference; explicitFileType = wrapper.cfbundle; includeInIndex = 0; path = "MQTT PlusTests.xctest"; sourceTree = BUILT_PRODUCTS_DIR; };
		48B5314D2F1202E000706410 /* MQTT PlusUITests.xctest */ = {isa = PBXFileReference; explicitFileType = wrapper.cfbundle; includeInIndex = 0; path = "MQTT PlusUITests.xctest"; sourceTree = BUILT_PRODUCTS_DIR; };
/* End PBXFileReference section */

/* Begin PBXFileSystemSynchronizedRootGroup section */
		48B531332F1202DF00706410 /* MQTT Plus */ = {
			isa = PBXFileSystemSynchronizedRootGroup;
			path = "MQTT Plus";
			sourceTree = "<group>";
		};
		48B531462F1202E000706410 /* MQTT PlusTests */ = {
			isa = PBXFileSystemSynchronizedRootGroup;
			path = "MQTT PlusTests";
			sourceTree = "<group>";
		};
		48B531502F1202E000706410 /* MQTT PlusUITests */ = {
			isa = PBXFileSystemSynchronizedRootGroup;
			path = "MQTT PlusUITests";
			sourceTree = "<group>";
		};
/* End PBXFileSystemSynchronizedRootGroup section */

/* Begin PBXFrameworksBuildPhase section */
		48B5312E2F1202DF00706410 /* Frameworks */ = {
			isa = PBXFrameworksBuildPhase;
			buildActionMask = 2147483647;
			files = (
			);
			runOnlyForDeploymentPostprocessing = 0;
		};
		48B531402F1202E000706410 /* Frameworks */ = {
			isa = PBXFrameworksBuildPhase;
			buildActionMask = 2147483647;
			files = (
			);
			runOnlyForDeploymentPostprocessing = 0;
		};
		48B5314A2F1202E000706410 /* Frameworks */ = {
			isa = PBXFrameworksBuildPhase;
			buildActionMask = 2147483647;
			files = (
			);
			runOnlyForDeploymentPostprocessing = 0;
		};
/* End PBXFrameworksBuildPhase section */

/* Begin PBXGroup section */
		48B531282F1202DF00706410 = {
			isa = PBXGroup;
			children = (
				48B531332F1202DF00706410 /* MQTT Plus */,
				48B531462F1202E000706410 /* MQTT PlusTests */,
				48B531502F1202E000706410 /* MQTT PlusUITests */,
				48B5319A2F1209D800706410 /* Frameworks */,
				48B531322F1202DF00706410 /* Products */,
			);
			sourceTree = "<group>";
		};
		48B531322F1202DF00706410 /* Products */ = {
			isa = PBXGroup;
			children = (
				48B531312F1202DF00706410 /* MQTT Plus.app */,
				48B531432F1202E000706410 /* MQTT PlusTests.xctest */,
				48B5314D2F1202E000706410 /* MQTT PlusUITests.xctest */,
			);
			name = Products;
			sourceTree = "<group>";
		};
		48B5319A2F1209D800706410 /* Frameworks */ = {
			isa = PBXGroup;
			children = (
			);
			name = Frameworks;
			sourceTree = "<group>";
		};
/* End PBXGroup section */

/* Begin PBXNativeTarget section */
		48B531302F1202DF00706410 /* MQTT Plus */ = {
			isa = PBXNativeTarget;
			buildConfigurationList = 48B531572F1202E000706410 /* Build configuration list for PBXNativeTarget "MQTT Plus" */;
			buildPhases = (
				48B5312D2F1202DF00706410 /* Sources */,
				48B5312E2F1202DF00706410 /* Frameworks */,
				48B5312F2F1202DF00706410 /* Resources */,
			);
			buildRules = (
			);
			dependencies = (
			);
			fileSystemSynchronizedGroups = (
				48B531332F1202DF00706410 /* MQTT Plus */,
			);
			name = "MQTT Plus";
			packageProductDependencies = (
			);
			productName = "MQTT Plus";
			productReference = 48B531312F1202DF00706410 /* MQTT Plus.app */;
			productType = "com.apple.product-type.application";
		};
		48B531422F1202E000706410 /* MQTT PlusTests */ = {
			isa = PBXNativeTarget;
			buildConfigurationList = 48B5315A2F1202E000706410 /* Build configuration list for PBXNativeTarget "MQTT PlusTests" */;
			buildPhases = (
				48B5313F2F1202E000706410 /* Sources */,
				48B531402F1202E000706410 /* Frameworks */,
				48B531412F1202E000706410 /* Resources */,
			);
			buildRules = (
			);
			dependencies = (
				48B531452F1202E000706410 /* PBXTargetDependency */,
			);
			fileSystemSynchronizedGroups = (
				48B531462F1202E000706410 /* MQTT PlusTests */,
			);
			name = "MQTT PlusTests";
			packageProductDependencies = (
			);
			productName = "MQTT PlusTests";
			productReference = 48B531432F1202E000706410 /* MQTT PlusTests.xctest */;
			productType = "com.apple.product-type.bundle.unit-test";
		};
		48B5314C2F1202E000706410 /* MQTT PlusUITests */ = {
			isa = PBXNativeTarget;
			buildConfigurationList = 48B5315D2F1202E000706410 /* Build configuration list for PBXNativeTarget "MQTT PlusUITests" */;
			buildPhases = (
				48B531492F1202E000706410 /* Sources */,
				48B5314A2F1202E000706410 /* Frameworks */,
				48B5314B2F1202E000706410 /* Resources */,
			);
			buildRules = (
			);
			dependencies = (
				48B5314F2F1202E000706410 /* PBXTargetDependency */,
			);
			fileSystemSynchronizedGroups = (
				48B531502F1202E000706410 /* MQTT PlusUITests */,
			);
			name = "MQTT PlusUITests";
			packageProductDependencies = (
			);
			productName = "MQTT PlusUITests";
			productReference = 48B5314D2F1202E000706410 /* MQTT PlusUITests.xctest */;
			productType = "com.apple.product-type.bundle.ui-testing";
		};
/* End PBXNativeTarget section */

/* Begin PBXProject section */
		48B531292F1202DF00706410 /* Project object */ = {
			isa = PBXProject;
			attributes = {
				BuildIndependentTargetsInParallel = 1;
				LastSwiftUpdateCheck = 2620;
				LastUpgradeCheck = 2620;
				TargetAttributes = {
					48B531302F1202DF00706410 = {
						CreatedOnToolsVersion = 26.2;
					};
					48B531422F1202E000706410 = {
						CreatedOnToolsVersion = 26.2;
						TestTargetID = 48B531302F1202DF00706410;
					};
					48B5314C2F1202E000706410 = {
						CreatedOnToolsVersion = 26.2;
						TestTargetID = 48B531302F1202DF00706410;
					};
				};
			};
			buildConfigurationList = 48B5312C2F1202DF00706410 /* Build configuration list for PBXProject "MQTT Plus" */;
			developmentRegion = en;
			hasScannedForEncodings = 0;
			knownRegions = (
				en,
				Base,
			);
			mainGroup = 48B531282F1202DF00706410;
			minimizedProjectReferenceProxies = 1;
			packageReferences = (
			);
			preferredProjectObjectVersion = 77;
			productRefGroup = 48B531322F1202DF00706410 /* Products */;
			projectDirPath = "";
			projectRoot = "";
			targets = (
				48B531302F1202DF00706410 /* MQTT Plus */,
				48B531422F1202E000706410 /* MQTT PlusTests */,
				48B5314C2F1202E000706410 /* MQTT PlusUITests */,
			);
		};
/* End PBXProject section */

/* Begin PBXResourcesBuildPhase section */
		48B5312F2F1202DF00706410 /* Resources */ = {
			isa = PBXResourcesBuildPhase;
			buildActionMask = 2147483647;
			files = (
			);
			runOnlyForDeploymentPostprocessing = 0;
		};
		48B531412F1202E000706410 /* Resources */ = {
			isa = PBXResourcesBuildPhase;
			buildActionMask = 2147483647;
			files = (
			);
			runOnlyForDeploymentPostprocessing = 0;
		};
		48B5314B2F1202E000706410 /* Resources */ = {
			isa = PBXResourcesBuildPhase;
			buildActionMask = 2147483647;
			files = (
			);
			runOnlyForDeploymentPostprocessing = 0;
		};
/* End PBXResourcesBuildPhase section */

/* Begin PBXSourcesBuildPhase section */
		48B5312D2F1202DF00706410 /* Sources */ = {
			isa = PBXSourcesBuildPhase;
			buildActionMask = 2147483647;
			files = (
			);
			runOnlyForDeploymentPostprocessing = 0;
		};
		48B5313F2F1202E000706410 /* Sources */ = {
			isa = PBXSourcesBuildPhase;
			buildActionMask = 2147483647;
			files = (
			);
			runOnlyForDeploymentPostprocessing = 0;
		};
		48B531492F1202E000706410 /* Sources */ = {
			isa = PBXSourcesBuildPhase;
			buildActionMask = 2147483647;
			files = (
			);
			runOnlyForDeploymentPostprocessing = 0;
		};
/* End PBXSourcesBuildPhase section */

/* Begin PBXTargetDependency section */
		48B531452F1202E000706410 /* PBXTargetDependency */ = {
			isa = PBXTargetDependency;
			target = 48B531302F1202DF00706410 /* MQTT Plus */;
			targetProxy = 48B531442F1202E000706410 /* PBXContainerItemProxy */;
		};
		48B5314F2F1202E000706410 /* PBXTargetDependency */ = {
			isa = PBXTargetDependency;
			target = 48B531302F1202DF00706410 /* MQTT Plus */;
			targetProxy = 48B5314E2F1202E000706410 /* PBXContainerItemProxy */;
		};
/* End PBXTargetDependency section */

/* Begin XCBuildConfiguration section */
		48B531552F1202E000706410 /* Debug */ = {
			isa = XCBuildConfiguration;
			buildSettings = {
				ALWAYS_SEARCH_USER_PATHS = NO;
				ASSETCATALOG_COMPILER_GENERATE_SWIFT_ASSET_SYMBOL_EXTENSIONS = YES;
				CLANG_ANALYZER_NONNULL = YES;
				CLANG_ANALYZER_NUMBER_OBJECT_CONVERSION = YES_AGGRESSIVE;
				CLANG_CXX_LANGUAGE_STANDARD = "gnu++20";
				CLANG_ENABLE_MODULES = YES;
				CLANG_ENABLE_OBJC_ARC = YES;
				CLANG_ENABLE_OBJC_WEAK = YES;
				CLANG_WARN_BLOCK_CAPTURE_AUTORELEASING = YES;
				CLANG_WARN_BOOL_CONVERSION = YES;
				CLANG_WARN_COMMA = YES;
				CLANG_WARN_CONSTANT_CONVERSION = YES;
				CLANG_WARN_DEPRECATED_OBJC_IMPLEMENTATIONS = YES;
				CLANG_WARN_DIRECT_OBJC_ISA_USAGE = YES_ERROR;
				CLANG_WARN_DOCUMENTATION_COMMENTS = YES;
				CLANG_WARN_EMPTY_BODY = YES;
				CLANG_WARN_ENUM_CONVERSION = YES;
				CLANG_WARN_INFINITE_RECURSION = YES;
				CLANG_WARN_INT_CONVERSION = YES;
				CLANG_WARN_NON_LITERAL_NULL_CONVERSION = YES;
				CLANG_WARN_OBJC_IMPLICIT_RETAIN_SELF = YES;
				CLANG_WARN_OBJC_LITERAL_CONVERSION = YES;
				CLANG_WARN_OBJC_ROOT_CLASS = YES_ERROR;
				CLANG_WARN_QUOTED_INCLUDE_IN_FRAMEWORK_HEADER = YES;
				CLANG_WARN_RANGE_LOOP_ANALYSIS = YES;
				CLANG_WARN_STRICT_PROTOTYPES = YES;
				CLANG_WARN_SUSPICIOUS_MOVE = YES;
				CLANG_WARN_UNGUARDED_AVAILABILITY = YES_AGGRESSIVE;
				CLANG_WARN_UNREACHABLE_CODE = YES;
				CLANG_WARN__DUPLICATE_METHOD_MATCH = YES;
				COPY_PHASE_STRIP = NO;
				DEBUG_INFORMATION_FORMAT = dwarf;
				ENABLE_STRICT_OBJC_MSGSEND = YES;
				ENABLE_TESTABILITY = YES;
				ENABLE_USER_SCRIPT_SANDBOXING = YES;
				GCC_C_LANGUAGE_STANDARD = gnu17;
				GCC_DYNAMIC_NO_PIC = NO;
				GCC_NO_COMMON_BLOCKS = YES;
				GCC_OPTIMIZATION_LEVEL = 0;
				GCC_PREPROCESSOR_DEFINITIONS = (
					"DEBUG=1",
					"$(inherited)",
				);
				GCC_WARN_64_TO_32_BIT_CONVERSION = YES;
				GCC_WARN_ABOUT_RETURN_TYPE = YES_ERROR;
				GCC_WARN_UNDECLARED_SELECTOR = YES;
				GCC_WARN_UNINITIALIZED_AUTOS = YES_AGGRESSIVE;
				GCC_WARN_UNUSED_FUNCTION = YES;
				GCC_WARN_UNUSED_VARIABLE = YES;
				LOCALIZATION_PREFERS_STRING_CATALOGS = YES;
				MACOSX_DEPLOYMENT_TARGET = 26.2;
				MTL_ENABLE_DEBUG_INFO = INCLUDE_SOURCE;
				MTL_FAST_MATH = YES;
				ONLY_ACTIVE_ARCH = YES;
				SDKROOT = macosx;
				SWIFT_ACTIVE_COMPILATION_CONDITIONS = "DEBUG $(inherited)";
				SWIFT_OPTIMIZATION_LEVEL = "-Onone";
			};
			name = Debug;
		};
		48B531562F1202E000706410 /* Release */ = {
			isa = XCBuildConfiguration;
			buildSettings = {
				ALWAYS_SEARCH_USER_PATHS = NO;
				ASSETCATALOG_COMPILER_GENERATE_SWIFT_ASSET_SYMBOL_EXTENSIONS = YES;
				CLANG_ANALYZER_NONNULL = YES;
				CLANG_ANALYZER_NUMBER_OBJECT_CONVERSION = YES_AGGRESSIVE;
				CLANG_CXX_LANGUAGE_STANDARD = "gnu++20";
				CLANG_ENABLE_MODULES = YES;
				CLANG_ENABLE_OBJC_ARC = YES;
				CLANG_ENABLE_OBJC_WEAK = YES;
				CLANG_WARN_BLOCK_CAPTURE_AUTORELEASING = YES;
				CLANG_WARN_BOOL_CONVERSION = YES;
				CLANG_WARN_COMMA = YES;
				CLANG_WARN_CONSTANT_CONVERSION = YES;
				CLANG_WARN_DEPRECATED_OBJC_IMPLEMENTATIONS = YES;
				CLANG_WARN_DIRECT_OBJC_ISA_USAGE = YES_ERROR;
				CLANG_WARN_DOCUMENTATION_COMMENTS = YES;
				CLANG_WARN_EMPTY_BODY = YES;
				CLANG_WARN_ENUM_CONVERSION = YES;
				CLANG_WARN_INFINITE_RECURSION = YES;
				CLANG_WARN_INT_CONVERSION = YES;
				CLANG_WARN_NON_LITERAL_NULL_CONVERSION = YES;
				CLANG_WARN_OBJC_IMPLICIT_RETAIN_SELF = YES;
				CLANG_WARN_OBJC_LITERAL_CONVERSION = YES;
				CLANG_WARN_OBJC_ROOT_CLASS = YES_ERROR;
				CLANG_WARN_QUOTED_INCLUDE_IN_FRAMEWORK_HEADER = YES;
				CLANG_WARN_RANGE_LOOP_ANALYSIS = YES;
				CLANG_WARN_STRICT_PROTOTYPES = YES;
				CLANG_WARN_SUSPICIOUS_MOVE = YES;
				CLANG_WARN_UNGUARDED_AVAILABILITY = YES_AGGRESSIVE;
				CLANG_WARN_UNREACHABLE_CODE = YES;
				CLANG_WARN__DUPLICATE_METHOD_MATCH = YES;
				COPY_PHASE_STRIP = NO;
				DEBUG_INFORMATION_FORMAT = "dwarf-with-dsym";
				ENABLE_NS_ASSERTIONS = NO;
				ENABLE_STRICT_OBJC_MSGSEND = YES;
				ENABLE_USER_SCRIPT_SANDBOXING = YES;
				GCC_C_LANGUAGE_STANDARD = gnu17;
				GCC_NO_COMMON_BLOCKS = YES;
				GCC_WARN_64_TO_32_BIT_CONVERSION = YES;
				GCC_WARN_ABOUT_RETURN_TYPE = YES_ERROR;
				GCC_WARN_UNDECLARED_SELECTOR = YES;
				GCC_WARN_UNINITIALIZED_AUTOS = YES_AGGRESSIVE;
				GCC_WARN_UNUSED_FUNCTION = YES;
				GCC_WARN_UNUSED_VARIABLE = YES;
				LOCALIZATION_PREFERS_STRING_CATALOGS = YES;
				MACOSX_DEPLOYMENT_TARGET = 26.2;
				MTL_ENABLE_DEBUG_INFO = NO;
				MTL_FAST_MATH = YES;
				SDKROOT = macosx;
				SWIFT_COMPILATION_MODE = wholemodule;
			};
			name = Release;
		};
		48B531582F1202E000706410 /* Debug */ = {
			isa = XCBuildConfiguration;
			buildSettings = {
				ASSETCATALOG_COMPILER_APPICON_NAME = AppIcon;
				ASSETCATALOG_COMPILER_GLOBAL_ACCENT_COLOR_NAME = AccentColor;
				ASSETCATALOG_COMPILER_INCLUDE_ALL_APPICON_ASSETS = NO;
				"CODE_SIGN_IDENTITY[sdk=macosx*]" = "-";
				CODE_SIGN_STYLE = Automatic;
				COMBINE_HIDPI_IMAGES = YES;
				CURRENT_PROJECT_VERSION = 1;
				ENABLE_APP_SANDBOX = YES;
				ENABLE_INCOMING_NETWORK_CONNECTIONS = NO;
				ENABLE_OUTGOING_NETWORK_CONNECTIONS = YES;
				ENABLE_PREVIEWS = YES;
				ENABLE_RESOURCE_ACCESS_AUDIO_INPUT = NO;
				ENABLE_RESOURCE_ACCESS_BLUETOOTH = NO;
				ENABLE_RESOURCE_ACCESS_CALENDARS = NO;
				ENABLE_RESOURCE_ACCESS_CAMERA = NO;
				ENABLE_RESOURCE_ACCESS_CONTACTS = NO;
				ENABLE_RESOURCE_ACCESS_LOCATION = NO;
				ENABLE_RESOURCE_ACCESS_PRINTING = NO;
				ENABLE_RESOURCE_ACCESS_USB = NO;
				ENABLE_USER_SELECTED_FILES = readonly;
				GENERATE_INFOPLIST_FILE = YES;
				HEADER_SEARCH_PATHS = (
					"$(inherited)",
					"$(SRCROOT)/ThirdParty/cnats/include",
					"$(SRCROOT)/ThirdParty/librdkafka/include",
				);
				INFOPLIST_KEY_NSHumanReadableCopyright = "";
				LD_RUNPATH_SEARCH_PATHS = (
					"$(inherited)",
					"@executable_path/../Frameworks",
				);
				LIBRARY_SEARCH_PATHS = "$(inherited)";
				MARKETING_VERSION = 1.0;
				OTHER_LDFLAGS = (
					"$(inherited)",
					"$(SRCROOT)/ThirdParty/cnats/lib/libnats_static.a",
					"$(SRCROOT)/ThirdParty/openssl/lib/libssl.a",
					"$(SRCROOT)/ThirdParty/openssl/lib/libcrypto.a",
					"$(SRCROOT)/ThirdParty/librdkafka/lib/librdkafka-static.a",
					"-lz",
					"-lsasl2",
					"-lcurl",
				);
				PRODUCT_BUNDLE_IDENTIFIER = "me.brainbuzzer.mqtt-plus";
				PRODUCT_MODULE_NAME = mqtt_plus;
				PRODUCT_NAME = "$(TARGET_NAME)";
				REGISTER_APP_GROUPS = YES;
				STRING_CATALOG_GENERATE_SYMBOLS = YES;
				SWIFT_APPROACHABLE_CONCURRENCY = YES;
				SWIFT_DEFAULT_ACTOR_ISOLATION = MainActor;
				SWIFT_EMIT_LOC_STRINGS = YES;
				SWIFT_OBJC_BRIDGING_HEADER = "MQTT Plus/mqtt_plus-Bridging-Header.h";
				SWIFT_UPCOMING_FEATURE_MEMBER_IMPORT_VISIBILITY = YES;
				SWIFT_VERSION = 5.0;
			};
			name = Debug;
		};
		48B531592F1202E000706410 /* Release */ = {
			isa = XCBuildConfiguration;
			buildSettings = {
				ASSETCATALOG_COMPILER_APPICON_NAME = AppIcon;
				ASSETCATALOG_COMPILER_GLOBAL_ACCENT_COLOR_NAME = AccentColor;
				ASSETCATALOG_COMPILER_INCLUDE_ALL_APPICON_ASSETS = NO;
				"CODE_SIGN_IDENTITY[sdk=macosx*]" = "-";
				CODE_SIGN_STYLE = Automatic;
				COMBINE_HIDPI_IMAGES = YES;
				CURRENT_PROJECT_VERSION = 1;
				ENABLE_APP_SANDBOX = YES;
				ENABLE_INCOMING_NETWORK_CONNECTIONS = NO;
				ENABLE_OUTGOING_NETWORK_CONNECTIONS = YES;
				ENABLE_PREVIEWS = YES;
				ENABLE_RESOURCE_ACCESS_AUDIO_INPUT = NO;
				ENABLE_RESOURCE_ACCESS_BLUETOOTH = NO;
				ENABLE_RESOURCE_ACCESS_CALENDARS = NO;
				ENABLE_RESOURCE_ACCESS_CAMERA = NO;
				ENABLE_RESOURCE_ACCESS_CONTACTS = NO;
				ENABLE_RESOURCE_ACCESS_LOCATION = NO;
				ENABLE_RESOURCE_ACCESS_PRINTING = NO;
				ENABLE_RESOURCE_ACCESS_USB = NO;
				ENABLE_USER_SELECTED_FILES = readonly;
				GENERATE_INFOPLIST_FILE = YES;
				HEADER_SEARCH_PATHS = (
					"$(inherited)",
					"$(SRCROOT)/ThirdParty/cnats/include",
					"$(SRCROOT)/ThirdParty/librdkafka/include",
				);
				INFOPLIST_KEY_NSHumanReadableCopyright = "";
				LD_RUNPATH_SEARCH_PATHS = (
					"$(inherited)",
					"@executable_path/../Frameworks",
				);
				LIBRARY_SEARCH_PATHS = "$(inherited)";
				MARKETING_VERSION = 1.0;
				OTHER_LDFLAGS = (
					"$(inherited)",
					"$(SRCROOT)/ThirdParty/cnats/lib/libnats_static.a",
					"$(SRCROOT)/ThirdParty/openssl/lib/libssl.a",
					"$(SRCROOT)/ThirdParty/openssl/lib/libcrypto.a",
					"$(SRCROOT)/ThirdParty/librdkafka/lib/librdkafka-static.a",
					"-lz",
					"-lsasl2",
					"-lcurl",
				);
				PRODUCT_BUNDLE_IDENTIFIER = "me.brainbuzzer.mqtt-plus";
				PRODUCT_MODULE_NAME = mqtt_plus;
				PRODUCT_NAME = "$(TARGET_NAME)";
				REGISTER_APP_GROUPS = YES;
				STRING_CATALOG_GENERATE_SYMBOLS = YES;
				SWIFT_APPROACHABLE_CONCURRENCY = YES;
				SWIFT_DEFAULT_ACTOR_ISOLATION = MainActor;
				SWIFT_EMIT_LOC_STRINGS = YES;
				SWIFT_OBJC_BRIDGING_HEADER = "MQTT Plus/mqtt_plus-Bridging-Header.h";
				SWIFT_UPCOMING_FEATURE_MEMBER_IMPORT_VISIBILITY = YES;
				SWIFT_VERSION = 5.0;
			};
			name = Release;
		};
		48B5315B2F1202E000706410 /* Debug */ = {
			isa = XCBuildConfiguration;
			buildSettings = {
				BUNDLE_LOADER = "$(TEST_HOST)";
				CODE_SIGN_STYLE = Automatic;
				CURRENT_PROJECT_VERSION = 1;
				GENERATE_INFOPLIST_FILE = YES;
				HEADER_SEARCH_PATHS = (
					"$(inherited)",
					"$(SRCROOT)/ThirdParty/cnats/include",
					"$(SRCROOT)/ThirdParty/librdkafka/include",
				);
				MACOSX_DEPLOYMENT_TARGET = 26.2;
				MARKETING_VERSION = 1.0;
				PRODUCT_BUNDLE_IDENTIFIER = "me.brainbuzzer.mqtt-plusTests";
				PRODUCT_NAME = "$(TARGET_NAME)";
				STRING_CATALOG_GENERATE_SYMBOLS = NO;
				SWIFT_APPROACHABLE_CONCURRENCY = YES;
				SWIFT_EMIT_LOC_STRINGS = NO;
				SWIFT_UPCOMING_FEATURE_MEMBER_IMPORT_VISIBILITY = YES;
				SWIFT_VERSION = 5.0;
				TEST_HOST = "$(BUILT_PRODUCTS_DIR)/MQTT Plus.app/$(BUNDLE_EXECUTABLE_FOLDER_PATH)/MQTT Plus";
			};
			name = Debug;
		};
		48B5315C2F1202E000706410 /* Release */ = {
			isa = XCBuildConfiguration;
			buildSettings = {
				BUNDLE_LOADER = "$(TEST_HOST)";
				CODE_SIGN_STYLE = Automatic;
				CURRENT_PROJECT_VERSION = 1;
				GENERATE_INFOPLIST_FILE = YES;
				HEADER_SEARCH_PATHS = (
					"$(inherited)",
					"$(SRCROOT)/ThirdParty/cnats/include",
					"$(SRCROOT)/ThirdParty/librdkafka/include",
				);
				MACOSX_DEPLOYMENT_TARGET = 26.2;
				MARKETING_VERSION = 1.0;
				PRODUCT_BUNDLE_IDENTIFIER = "me.brainbuzzer.mqtt-plusTests";
				PRODUCT_NAME = "$(TARGET_NAME)";
				STRING_CATALOG_GENERATE_SYMBOLS = NO;
				SWIFT_APPROACHABLE_CONCURRENCY = YES;
				SWIFT_EMIT_LOC_STRINGS = NO;
				SWIFT_UPCOMING_FEATURE_MEMBER_IMPORT_VISIBILITY = YES;
				SWIFT_VERSION = 5.0;
				TEST_HOST = "$(BUILT_PRODUCTS_DIR)/MQTT Plus.app/$(BUNDLE_EXECUTABLE_FOLDER_PATH)/MQTT Plus";
			};
			name = Release;
		};
		48B5315E2F1202E000706410 /* Debug */ = {
			isa = XCBuildConfiguration;
			buildSettings = {
				CODE_SIGN_STYLE = Automatic;
				CURRENT_PROJECT_VERSION = 1;
				GENERATE_INFOPLIST_FILE = YES;
				HEADER_SEARCH_PATHS = (
					"$(inherited)",
					"$(SRCROOT)/ThirdParty/cnats/include",
					"$(SRCROOT)/ThirdParty/librdkafka/include",
				);
				MARKETING_VERSION = 1.0;
				PRODUCT_BUNDLE_IDENTIFIER = "me.brainbuzzer.mqtt-plusUITests";
				PRODUCT_NAME = "$(TARGET_NAME)";
				STRING_CATALOG_GENERATE_SYMBOLS = NO;
				SWIFT_APPROACHABLE_CONCURRENCY = YES;
				SWIFT_EMIT_LOC_STRINGS = NO;
				SWIFT_UPCOMING_FEATURE_MEMBER_IMPORT_VISIBILITY = YES;
				SWIFT_VERSION = 5.0;
				TEST_TARGET_NAME = "MQTT Plus";
			};
			name = Debug;
		};
		48B5315F2F1202E000706410 /* Release */ = {
			isa = XCBuildConfiguration;
			buildSettings = {
				CODE_SIGN_STYLE = Automatic;
				CURRENT_PROJECT_VERSION = 1;
				GENERATE_INFOPLIST_FILE = YES;
				HEADER_SEARCH_PATHS = (
					"$(inherited)",
					"$(SRCROOT)/ThirdParty/cnats/include",
					"$(SRCROOT)/ThirdParty/librdkafka/include",
				);
				MARKETING_VERSION = 1.0;
				PRODUCT_BUNDLE_IDENTIFIER = "me.brainbuzzer.mqtt-plusUITests";
				PRODUCT_NAME = "$(TARGET_NAME)";
				STRING_CATALOG_GENERATE_SYMBOLS = NO;
				SWIFT_APPROACHABLE_CONCURRENCY = YES;
				SWIFT_EMIT_LOC_STRINGS = NO;
				SWIFT_UPCOMING_FEATURE_MEMBER_IMPORT_VISIBILITY = YES;
				SWIFT_VERSION = 5.0;
				TEST_TARGET_NAME = "MQTT Plus";
			};
			name = Release;
		};
/* End XCBuildConfiguration section */

/* Begin XCConfigurationList section */
		48B5312C2F1202DF00706410 /* Build configuration list for PBXProject "MQTT Plus" */ = {
			isa = XCConfigurationList;
			buildConfigurations = (
				48B531552F1202E000706410 /* Debug */,
				48B531562F1202E000706410 /* Release */,
			);
			defaultConfigurationIsVisible = 0;
			defaultConfigurationName = Release;
		};
		48B531572F1202E000706410 /* Build configuration list for PBXNativeTarget "MQTT Plus" */ = {
			isa = XCConfigurationList;
			buildConfigurations = (
				48B531582F1202E000706410 /* Debug */,
				48B531592F1202E000706410 /* Release */,
			);
			defaultConfigurationIsVisible = 0;
			defaultConfigurationName = Release;
		};
		48B5315A2F1202E000706410 /* Build configuration list for PBXNativeTarget "MQTT PlusTests" */ = {
			isa = XCConfigurationList;
			buildConfigurations = (
				48B5315B2F1202E000706410 /* Debug */,
				48B5315C2F1202E000706410 /* Release */,
			);
			defaultConfigurationIsVisible = 0;
			defaultConfigurationName = Release;
		};
		48B5315D2F1202E000706410 /* Build configuration list for PBXNativeTarget "MQTT PlusUITests" */ = {
			isa = XCConfigurationList;
			buildConfigurations = (
				48B5315E2F1202E000706410 /* Debug */,
				48B5315F2F1202E000706410 /* Release */,
			);
			defaultConfigurationIsVisible = 0;
			defaultConfigurationName = Release;
		};
/* End XCConfigurationList section */
	};
	rootObject = 48B531292F1202DF00706410 /* Project object */;
}
